
Microsoft Visual Studio Solution File, Format Version 12.00
# Visual Studio 15
VisualStudioVersion = 15.0.28307.329
MinimumVisualStudioVersion = 10.0.40219.1
Project("{FAE04EC0-301F-11D3-BF4B-00C04F79EFBC}") = "FoderStruct", "FoderStruct.csproj", "{516C6C33-74E1-4BA8-9C9D-74419C963604}"
EndProject
Global
	GlobalSection(SolutionConfigurationPlatforms) = preSolution
		Debug|Any CPU = Debug|Any CPU
		Release|Any CPU = Release|Any CPU
	EndGlobalSection
	GlobalSection(ProjectConfigurationPlatforms) = postSolution
		{516C6C33-74E1-4BA8-9C9D-74419C963604}.Debug|Any CPU.ActiveCfg = Debug|Any CPU
		{516C6C33-74E1-4BA8-9C9D-74419C963604}.Debug|Any CPU.Build.0 = Debug|Any CPU
		{516C6C33-74E1-4BA8-9C9D-74419C963604}.Release|Any CPU.ActiveCfg = Release|Any CPU
		{516C6C33-74E1-4BA8-9C9D-74419C963604}.Release|Any CPU.Build.0 = Release|Any CPU
	EndGlobalSection
	GlobalSection(SolutionProperties) = preSolution
		HideSolutionNode = FALSE
	EndGlobalSection
	GlobalSection(ExtensibilityGlobals) = postSolution
		SolutionGuid = {F7E3973A-7310-437B-A352-D17BACD5DC8B}
	EndGlobalSection
EndGlobal
